Microsoft Visual Studio Solution File, Format Version 12.00
# Visual Studio Version 17
VisualStudioVersion = 17.5.2.0
MinimumVisualStudioVersion = 10.0.40219.1
Project("{FAE04EC0-301F-11D3-BF4B-00C04F79EFBC}") = "SkinCareTracker", "SkinCareTracker.csproj", "{5EAB77F2-3365-5463-DF83-DD0BF63F66DB}"
EndProject
Global
	GlobalSection(SolutionConfigurationPlatforms) = preSolution
		Debug|Any CPU = Debug|Any CPU
		Release|Any CPU = Release|Any CPU
	EndGlobalSection
	GlobalSection(ProjectConfigurationPlatforms) = postSolution
		{5EAB77F2-3365-5463-DF83-DD0BF63F66DB}.Debug|Any CPU.ActiveCfg = Debug|Any CPU
		{5EAB77F2-3365-5463-DF83-DD0BF63F66DB}.Debug|Any CPU.Build.0 = Debug|Any CPU
		{5EAB77F2-3365-5463-DF83-DD0BF63F66DB}.Release|Any CPU.ActiveCfg = Release|Any CPU
		{5EAB77F2-3365-5463-DF83-DD0BF63F66DB}.Release|Any CPU.Build.0 = Release|Any CPU
	EndGlobalSection
	GlobalSection(SolutionProperties) = preSolution
		HideSolutionNode = FALSE
	EndGlobalSection
	GlobalSection(ExtensibilityGlobals) = postSolution
		SolutionGuid = {7ABBB68E-6547-4EBB-9E5F-E85138839F6F}
	EndGlobalSection
EndGlobal
